
Microsoft Visual Studio Solution File, Format Version 12.00
# Visual Studio Version 16
VisualStudioVersion = 16.0.30711.63
MinimumVisualStudioVersion = 10.0.40219.1
Project("{FAE04EC0-301F-11D3-BF4B-00C04F79EFBC}") = "TestSarif", "TestSarif\TestSarif.csproj", "{69F64F9A-D0BC-46FB-96DE-C651731C2953}"
EndProject
Global
	GlobalSection(SolutionConfigurationPlatforms) = preSolution
		Debug|Any CPU = Debug|Any CPU
		Release|Any CPU = Release|Any CPU
	EndGlobalSection
	GlobalSection(ProjectConfigurationPlatforms) = postSolution
		{69F64F9A-D0BC-46FB-96DE-C651731C2953}.Debug|Any CPU.ActiveCfg = Debug|Any CPU
		{69F64F9A-D0BC-46FB-96DE-C651731C2953}.Debug|Any CPU.Build.0 = Debug|Any CPU
		{69F64F9A-D0BC-46FB-96DE-C651731C2953}.Release|Any CPU.ActiveCfg = Release|Any CPU
		{69F64F9A-D0BC-46FB-96DE-C651731C2953}.Release|Any CPU.Build.0 = Release|Any CPU
	EndGlobalSection
	GlobalSection(SolutionProperties) = preSolution
		HideSolutionNode = FALSE
	EndGlobalSection
	GlobalSection(ExtensibilityGlobals) = postSolution
		SolutionGuid = {1A219046-12F9-44AF-8ACB-C155FCEE93A7}
	EndGlobalSection
EndGlobal
